Microsoft Visual Studio Solution File, Format Version 11.00
# Visual Studio 2008

Project("{CDB68B4B-D74A-7A74-B284-E12B4BE0AA1D}") = "eelpo", "Assembly-CSharp.csproj", "{88CA8E59-F85C-C9F8-25E5-92DB5A2BF24D}"
EndProject
Project("{CDB68B4B-D74A-7A74-B284-E12B4BE0AA1D}") = "eelpo", "Assembly-CSharp-Editor.csproj", "{87E1BAD4-4883-9DB2-97EF-9B217F81F63D}"
EndProject
Project("{CDB68B4B-D74A-7A74-B284-E12B4BE0AA1D}") = "eelpo", "Assembly-UnityScript.unityproj", "{3E17507D-347E-D31E-8BDA-284CC9D1B242}"
EndProject
Global
	GlobalSection(SolutionConfigurationPlatforms) = preSolution
		Debug|Any CPU = Debug|Any CPU
		Release|Any CPU = Release|Any CPU
	EndGlobalSection
	GlobalSection(ProjectConfigurationPlatforms) = postSolution
		{88CA8E59-F85C-C9F8-25E5-92DB5A2BF24D}.Debug|Any CPU.ActiveCfg = Debug|Any CPU
		{88CA8E59-F85C-C9F8-25E5-92DB5A2BF24D}.Debug|Any CPU.Build.0 = Debug|Any CPU
		{88CA8E59-F85C-C9F8-25E5-92DB5A2BF24D}.Release|Any CPU.ActiveCfg = Release|Any CPU
		{88CA8E59-F85C-C9F8-25E5-92DB5A2BF24D}.Release|Any CPU.Build.0 = Release|Any CPU
		{87E1BAD4-4883-9DB2-97EF-9B217F81F63D}.Debug|Any CPU.ActiveCfg = Debug|Any CPU
		{87E1BAD4-4883-9DB2-97EF-9B217F81F63D}.Debug|Any CPU.Build.0 = Debug|Any CPU
		{87E1BAD4-4883-9DB2-97EF-9B217F81F63D}.Release|Any CPU.ActiveCfg = Release|Any CPU
		{87E1BAD4-4883-9DB2-97EF-9B217F81F63D}.Release|Any CPU.Build.0 = Release|Any CPU
		{3E17507D-347E-D31E-8BDA-284CC9D1B242}.Debug|Any CPU.ActiveCfg = Debug|Any CPU
		{3E17507D-347E-D31E-8BDA-284CC9D1B242}.Debug|Any CPU.Build.0 = Debug|Any CPU
		{3E17507D-347E-D31E-8BDA-284CC9D1B242}.Release|Any CPU.ActiveCfg = Release|Any CPU
		{3E17507D-347E-D31E-8BDA-284CC9D1B242}.Release|Any CPU.Build.0 = Release|Any CPU
	EndGlobalSection
	GlobalSection(SolutionProperties) = preSolution
		HideSolutionNode = FALSE
	EndGlobalSection
																								GlobalSection(MonoDevelopProperties) = preSolution
		StartupItem = Assembly-CSharp.csproj
		Policies = $0
		$0.TextStylePolicy = $1
		$1.inheritsSet = null
		$1.scope = text/x-csharp
		$0.CSharpFormattingPolicy = $2
		$2.inheritsSet = Mono
		$2.inheritsScope = text/x-csharp
		$2.scope = text/x-csharp
		$0.TextStylePolicy = $3
		$3.FileWidth = 120
		$3.TabWidth = 4
		$3.EolMarker = Unix
		$3.inheritsSet = Mono
		$3.inheritsScope = text/plain
		$3.scope = text/plain
	EndGlobalSection

EndGlobal
